
Microsoft Visual Studio Solution File, Format Version 12.00
# Visual Studio Version 16
VisualStudioVersion = 16.0.30128.74
MinimumVisualStudioVersion = 10.0.40219.1
Project("{9A19103F-16F7-4668-BE54-9A1E7A4F7556}") = "PRJ.Application", "PRJ.Application\PRJ.Application.csproj", "{F5E25661-499A-45F2-84C1-536198892AA8}"
EndProject
Project("{9A19103F-16F7-4668-BE54-9A1E7A4F7556}") = "PRJ.Common", "PRJ.Common\PRJ.Common.csproj", "{35FB5E80-8F06-40AE-9E4D-110A6F59C5B5}"
EndProject
Project("{9A19103F-16F7-4668-BE54-9A1E7A4F7556}") = "PRJ.Domain", "PRJ.Domain\PRJ.Domain.csproj", "{9DB3B159-A18C-404C-91A3-722F19A3B296}"
EndProject
Project("{9A19103F-16F7-4668-BE54-9A1E7A4F7556}") = "PRJ.Service", "PRJ.Service\PRJ.Service.csproj", "{2E5DFAFE-F02E-4CFA-B93D-F7BE12984BFF}"
EndProject
Project("{9A19103F-16F7-4668-BE54-9A1E7A4F7556}") = "PRJ.Data", "PRJ.Data\PRJ.Data.csproj", "{2B89C922-F95D-46D8-BCBA-199FE8312FA6}"
EndProject
Project("{6EC3EE1D-3C4E-46DD-8F32-0CC8E7565705}") = "PRJ.UnitTest", "PRJ.Test\PRJ.UnitTest.fsproj", "{8CC5F2EF-DB6C-40F6-AF87-C74D394BCFD5}"
EndProject
Project("{E24C65DC-7377-472B-9ABA-BC803B73C61A}") = "PRJ.Presentation", "PRJ.Presentation\", "{0FE33DF9-CF39-4909-9F6B-653707902338}"
	ProjectSection(WebsiteProperties) = preProject
		TargetFrameworkMoniker = ".NETFramework,Version%3Dv4.0"
		Debug.AspNetCompiler.VirtualPath = "/localhost_56493"
		Debug.AspNetCompiler.PhysicalPath = "PRJ.Presentation\"
		Debug.AspNetCompiler.TargetPath = "PrecompiledWeb\localhost_56493\"
		Debug.AspNetCompiler.Updateable = "true"
		Debug.AspNetCompiler.ForceOverwrite = "true"
		Debug.AspNetCompiler.FixedNames = "false"
		Debug.AspNetCompiler.Debug = "True"
		Release.AspNetCompiler.VirtualPath = "/localhost_56493"
		Release.AspNetCompiler.PhysicalPath = "PRJ.Presentation\"
		Release.AspNetCompiler.TargetPath = "PrecompiledWeb\localhost_56493\"
		Release.AspNetCompiler.Updateable = "true"
		Release.AspNetCompiler.ForceOverwrite = "true"
		Release.AspNetCompiler.FixedNames = "false"
		Release.AspNetCompiler.Debug = "False"
		VWDPort = "56493"
		SlnRelativePath = "PRJ.Presentation\"
	EndProjectSection
EndProject
Global
	GlobalSection(SolutionConfigurationPlatforms) = preSolution
		Debug|Any CPU = Debug|Any CPU
		Release|Any CPU = Release|Any CPU
	EndGlobalSection
	GlobalSection(ProjectConfigurationPlatforms) = postSolution
		{F5E25661-499A-45F2-84C1-536198892AA8}.Debug|Any CPU.ActiveCfg = Debug|Any CPU
		{F5E25661-499A-45F2-84C1-536198892AA8}.Debug|Any CPU.Build.0 = Debug|Any CPU
		{F5E25661-499A-45F2-84C1-536198892AA8}.Release|Any CPU.ActiveCfg = Release|Any CPU
		{F5E25661-499A-45F2-84C1-536198892AA8}.Release|Any CPU.Build.0 = Release|Any CPU
		{35FB5E80-8F06-40AE-9E4D-110A6F59C5B5}.Debug|Any CPU.ActiveCfg = Debug|Any CPU
		{35FB5E80-8F06-40AE-9E4D-110A6F59C5B5}.Debug|Any CPU.Build.0 = Debug|Any CPU
		{35FB5E80-8F06-40AE-9E4D-110A6F59C5B5}.Release|Any CPU.ActiveCfg = Release|Any CPU
		{35FB5E80-8F06-40AE-9E4D-110A6F59C5B5}.Release|Any CPU.Build.0 = Release|Any CPU
		{9DB3B159-A18C-404C-91A3-722F19A3B296}.Debug|Any CPU.ActiveCfg = Debug|Any CPU
		{9DB3B159-A18C-404C-91A3-722F19A3B296}.Debug|Any CPU.Build.0 = Debug|Any CPU
		{9DB3B159-A18C-404C-91A3-722F19A3B296}.Release|Any CPU.ActiveCfg = Release|Any CPU
		{9DB3B159-A18C-404C-91A3-722F19A3B296}.Release|Any CPU.Build.0 = Release|Any CPU
		{2E5DFAFE-F02E-4CFA-B93D-F7BE12984BFF}.Debug|Any CPU.ActiveCfg = Debug|Any CPU
		{2E5DFAFE-F02E-4CFA-B93D-F7BE12984BFF}.Debug|Any CPU.Build.0 = Debug|Any CPU
		{2E5DFAFE-F02E-4CFA-B93D-F7BE12984BFF}.Release|Any CPU.ActiveCfg = Release|Any CPU
		{2E5DFAFE-F02E-4CFA-B93D-F7BE12984BFF}.Release|Any CPU.Build.0 = Release|Any CPU
		{2B89C922-F95D-46D8-BCBA-199FE8312FA6}.Debug|Any CPU.ActiveCfg = Debug|Any CPU
		{2B89C922-F95D-46D8-BCBA-199FE8312FA6}.Debug|Any CPU.Build.0 = Debug|Any CPU
		{2B89C922-F95D-46D8-BCBA-199FE8312FA6}.Release|Any CPU.ActiveCfg = Release|Any CPU
		{2B89C922-F95D-46D8-BCBA-199FE8312FA6}.Release|Any CPU.Build.0 = Release|Any CPU
		{8CC5F2EF-DB6C-40F6-AF87-C74D394BCFD5}.Debug|Any CPU.ActiveCfg = Debug|Any CPU
		{8CC5F2EF-DB6C-40F6-AF87-C74D394BCFD5}.Debug|Any CPU.Build.0 = Debug|Any CPU
		{8CC5F2EF-DB6C-40F6-AF87-C74D394BCFD5}.Release|Any CPU.ActiveCfg = Release|Any CPU
		{8CC5F2EF-DB6C-40F6-AF87-C74D394BCFD5}.Release|Any CPU.Build.0 = Release|Any CPU
		{0FE33DF9-CF39-4909-9F6B-653707902338}.Debug|Any CPU.ActiveCfg = Debug|Any CPU
		{0FE33DF9-CF39-4909-9F6B-653707902338}.Debug|Any CPU.Build.0 = Debug|Any CPU
		{0FE33DF9-CF39-4909-9F6B-653707902338}.Release|Any CPU.ActiveCfg = Debug|Any CPU
		{0FE33DF9-CF39-4909-9F6B-653707902338}.Release|Any CPU.Build.0 = Debug|Any CPU
	EndGlobalSection
	GlobalSection(SolutionProperties) = preSolution
		HideSolutionNode = FALSE
	EndGlobalSection
	GlobalSection(ExtensibilityGlobals) = postSolution
		SolutionGuid = {9179A35A-E77C-4C4B-94E4-342BEE67F011}
	EndGlobalSection
EndGlobal
